
Microsoft Visual Studio Solution File, Format Version 12.00
# Visual Studio Version 17
VisualStudioVersion = 17.8.34330.188
MinimumVisualStudioVersion = 10.0.40219.1
Project("{9A19103F-16F7-4668-BE54-9A1E7A4F7556}") = "Disableton", "Disableton\Disableton.csproj", "{0E81F9DB-D62C-4FA0-9D33-84C7FA0F6B87}"
EndProject
Project("{9A19103F-16F7-4668-BE54-9A1E7A4F7556}") = "Disableton.Desktop", "Disableton.Desktop\Disableton.Desktop.csproj", "{CC817058-CEE9-4464-9E25-B9C2C48EB40E}"
EndProject
Global
	GlobalSection(SolutionConfigurationPlatforms) = preSolution
		Debug|Any CPU = Debug|Any CPU
		Release|Any CPU = Release|Any CPU
	EndGlobalSection
	GlobalSection(ProjectConfigurationPlatforms) = postSolution
		{0E81F9DB-D62C-4FA0-9D33-84C7FA0F6B87}.Debug|Any CPU.ActiveCfg = Debug|Any CPU
		{0E81F9DB-D62C-4FA0-9D33-84C7FA0F6B87}.Debug|Any CPU.Build.0 = Debug|Any CPU
		{0E81F9DB-D62C-4FA0-9D33-84C7FA0F6B87}.Release|Any CPU.ActiveCfg = Release|Any CPU
		{0E81F9DB-D62C-4FA0-9D33-84C7FA0F6B87}.Release|Any CPU.Build.0 = Release|Any CPU
		{CC817058-CEE9-4464-9E25-B9C2C48EB40E}.Debug|Any CPU.ActiveCfg = Debug|Any CPU
		{CC817058-CEE9-4464-9E25-B9C2C48EB40E}.Debug|Any CPU.Build.0 = Debug|Any CPU
		{CC817058-CEE9-4464-9E25-B9C2C48EB40E}.Release|Any CPU.ActiveCfg = Release|Any CPU
		{CC817058-CEE9-4464-9E25-B9C2C48EB40E}.Release|Any CPU.Build.0 = Release|Any CPU
	EndGlobalSection
	GlobalSection(SolutionProperties) = preSolution
		HideSolutionNode = FALSE
	EndGlobalSection
	GlobalSection(ExtensibilityGlobals) = postSolution
		SolutionGuid = {A85A2B3E-3279-46F3-B4EA-BF305ABB68EB}
	EndGlobalSection
EndGlobal
